
Microsoft Visual Studio Solution File, Format Version 12.00
# Visual Studio 15
VisualStudioVersion = 15.0.28307.572
MinimumVisualStudioVersion = 10.0.40219.1
Project("{FAE04EC0-301F-11D3-BF4B-00C04F79EFBC}") = "KeyPolicyEncryption", "KeyPolicyEncryption\KeyPolicyEncryption.csproj", "{4EB15A75-9E10-4622-87C9-374FAD88BDB0}"
EndProject
Global
	GlobalSection(SolutionConfigurationPlatforms) = preSolution
		Debug|Any CPU = Debug|Any CPU
		Release|Any CPU = Release|Any CPU
	EndGlobalSection
	GlobalSection(ProjectConfigurationPlatforms) = postSolution
		{4EB15A75-9E10-4622-87C9-374FAD88BDB0}.Debug|Any CPU.ActiveCfg = Debug|Any CPU
		{4EB15A75-9E10-4622-87C9-374FAD88BDB0}.Debug|Any CPU.Build.0 = Debug|Any CPU
		{4EB15A75-9E10-4622-87C9-374FAD88BDB0}.Release|Any CPU.ActiveCfg = Release|Any CPU
		{4EB15A75-9E10-4622-87C9-374FAD88BDB0}.Release|Any CPU.Build.0 = Release|Any CPU
	EndGlobalSection
	GlobalSection(SolutionProperties) = preSolution
		HideSolutionNode = FALSE
	EndGlobalSection
	GlobalSection(ExtensibilityGlobals) = postSolution
		SolutionGuid = {A3BB71A2-564E-4067-8781-E9D8D2F659AD}
	EndGlobalSection
EndGlobal
